# THIS IS AN AUTOGENERATED FILE. DO NOT EDIT THIS FILE DIRECTLY.
# yarn lockfile v1


"@angular/animations@^7.0.0":
  version "7.0.0"
  resolved "https://registry.yarnpkg.com/@angular/animations/-/animations-7.0.0.tgz#5c9e1683063c29df10253b7dc5bb9b13694ee396"
  dependencies:
    tslib "^1.9.0"

"@angular/cdk@^7.0.0":
  version "7.0.0"
  resolved "https://registry.yarnpkg.com/@angular/cdk/-/cdk-7.0.0.tgz#b98d7378e84fed1af30c460aa91af4ada2cf252b"
  dependencies:
    tslib "^1.7.1"
  optionalDependencies:
    parse5 "^5.0.0"

"@angular/material@^7.0.0":
  version "7.0.0"
  resolved "https://registry.yarnpkg.com/@angular/material/-/material-7.0.0.tgz#00cacc2f210c5d7e822e34b09078f41df52d8f58"
  dependencies:
    tslib "^1.7.1"

parse5@^5.0.0:
  version "5.1.0"
  resolved "https://registry.yarnpkg.com/parse5/-/parse5-5.1.0.tgz#c59341c9723f414c452975564c7c00a68d58acd2"

tslib@^1.7.1, tslib@^1.9.0:
  version "1.9.3"
  resolved "https://registry.yarnpkg.com/tslib/-/tslib-1.9.3.tgz#d7e4dd79245d85428c4d7e4822a79917954ca286"
